
Microsoft Visual Studio Solution File, Format Version 12.00
Project("{FAE04EC0-301F-11D3-BF4B-00C04F79EFBC}") = "Algorithms Assignment", "Algorithms Assignment\Algorithms Assignment.csproj", "{B042959E-6AD0-4F5C-B675-40D3787B2289}"
EndProject
Global
	GlobalSection(SolutionConfigurationPlatforms) = preSolution
		Debug|Any CPU = Debug|Any CPU
		Release|Any CPU = Release|Any CPU
	EndGlobalSection
	GlobalSection(ProjectConfigurationPlatforms) = postSolution
		{B042959E-6AD0-4F5C-B675-40D3787B2289}.Debug|Any CPU.ActiveCfg = Debug|Any CPU
		{B042959E-6AD0-4F5C-B675-40D3787B2289}.Debug|Any CPU.Build.0 = Debug|Any CPU
		{B042959E-6AD0-4F5C-B675-40D3787B2289}.Release|Any CPU.ActiveCfg = Release|Any CPU
		{B042959E-6AD0-4F5C-B675-40D3787B2289}.Release|Any CPU.Build.0 = Release|Any CPU
	EndGlobalSection
EndGlobal
